
Microsoft Visual Studio Solution File, Format Version 12.00
Project("{FAE04EC0-301F-11D3-BF4B-00C04F79EFBC}") = "LinkedListCode", "LinkedListCode\LinkedListCode.csproj", "{C1BE7BAA-5250-4552-ACF1-A349BB962D8B}"
EndProject
Project("{FAE04EC0-301F-11D3-BF4B-00C04F79EFBC}") = "LinkedListTests", "LinkedListTests\LinkedListTests.csproj", "{14ECD4EA-D2BE-4948-B8CC-92FF846B4C66}"
EndProject
Project("{2150E333-8FDC-42A3-9474-1A3956D46DE8}") = "LinkedList", "LinkedList", "{97F47C4B-D1DC-401D-B100-D797230CB9FC}"
EndProject
Project("{2150E333-8FDC-42A3-9474-1A3956D46DE8}") = "DoublyLinkedList", "DoublyLinkedList", "{6969383A-BA1F-4791-8643-12D9840B3F50}"
EndProject
Project("{FAE04EC0-301F-11D3-BF4B-00C04F79EFBC}") = "DoublyLinkedListCode", "DoublyLinkedListCode\DoublyLinkedListCode.csproj", "{528E17ED-4DCC-40E2-8124-95CB36E2A81A}"
EndProject
Project("{FAE04EC0-301F-11D3-BF4B-00C04F79EFBC}") = "DoublyLinkedListTests", "DoublyLinkedListTests\DoublyLinkedListTests.csproj", "{1789E32A-CD10-45B1-822C-757A0892D74E}"
EndProject
Project("{2150E333-8FDC-42A3-9474-1A3956D46DE8}") = "DynamicArray", "DynamicArray", "{EE28D496-8B18-4A13-BBEB-B52D872DA4E1}"
EndProject
Project("{FAE04EC0-301F-11D3-BF4B-00C04F79EFBC}") = "DynamicArrayCode", "DynamicArrayCode\DynamicArrayCode.csproj", "{818868C6-750F-4EC8-B527-218E13F136B1}"
EndProject
Project("{FAE04EC0-301F-11D3-BF4B-00C04F79EFBC}") = "DynamicArrayTests", "DynamicArrayTests\DynamicArrayTests.csproj", "{D9787CDA-50FF-4A55-BF61-A46EA55F1124}"
EndProject
Project("{2150E333-8FDC-42A3-9474-1A3956D46DE8}") = "Stack", "Stack", "{2AB9992E-755B-41A5-8299-F336D97F4593}"
EndProject
Project("{FAE04EC0-301F-11D3-BF4B-00C04F79EFBC}") = "StackCode", "StackCode\StackCode.csproj", "{9463F485-D34D-43A5-8221-D05075BF754F}"
EndProject
Project("{FAE04EC0-301F-11D3-BF4B-00C04F79EFBC}") = "StackTests", "StackTests\StackTests.csproj", "{8A510097-D6AF-4098-B99A-C1C19C012754}"
EndProject
Project("{FAE04EC0-301F-11D3-BF4B-00C04F79EFBC}") = "QueueCode", "QueueCode\QueueCode.csproj", "{4090C382-FCA7-4417-B48F-9F768521BB45}"
EndProject
Project("{2150E333-8FDC-42A3-9474-1A3956D46DE8}") = "Queue", "Queue", "{810DFF10-851B-4EFF-8453-E041325BB1C1}"
EndProject
Project("{FAE04EC0-301F-11D3-BF4B-00C04F79EFBC}") = "QueueTests", "QueueTests\QueueTests.csproj", "{27C51EB6-FAEC-4F51-8D93-BE028ECDEB4C}"
EndProject
Project("{2150E333-8FDC-42A3-9474-1A3956D46DE8}") = "Deque", "Deque", "{D9F2744A-8363-4996-820B-F97E945D2641}"
EndProject
Project("{FAE04EC0-301F-11D3-BF4B-00C04F79EFBC}") = "DequeCode", "DequeCode\DequeCode.csproj", "{7D097AA5-52A7-4CFD-9CD7-A6F1C4B597B7}"
EndProject
Project("{FAE04EC0-301F-11D3-BF4B-00C04F79EFBC}") = "DequeTests", "DequeTests\DequeTests.csproj", "{FC92E282-059D-4CB0-9A48-AFC5AB6C0F34}"
EndProject
Project("{2150E333-8FDC-42A3-9474-1A3956D46DE8}") = "OrderedList", "OrderedList", "{D9599A49-D061-4015-82E9-1CA395F7A1AF}"
EndProject
Project("{FAE04EC0-301F-11D3-BF4B-00C04F79EFBC}") = "OrderedListCode", "OrderedListCode\OrderedListCode.csproj", "{F47FB6D8-2339-4B31-984F-0D3FACDA46DC}"
EndProject
Project("{FAE04EC0-301F-11D3-BF4B-00C04F79EFBC}") = "OrderedListTests", "OrderedListTests\OrderedListTests.csproj", "{9F698831-D0D2-4595-A764-655DF9218AA3}"
EndProject
Global
	GlobalSection(SolutionConfigurationPlatforms) = preSolution
		Debug|Any CPU = Debug|Any CPU
		Release|Any CPU = Release|Any CPU
	EndGlobalSection
	GlobalSection(ProjectConfigurationPlatforms) = postSolution
		{C1BE7BAA-5250-4552-ACF1-A349BB962D8B}.Debug|Any CPU.ActiveCfg = Debug|Any CPU
		{C1BE7BAA-5250-4552-ACF1-A349BB962D8B}.Debug|Any CPU.Build.0 = Debug|Any CPU
		{C1BE7BAA-5250-4552-ACF1-A349BB962D8B}.Release|Any CPU.ActiveCfg = Release|Any CPU
		{C1BE7BAA-5250-4552-ACF1-A349BB962D8B}.Release|Any CPU.Build.0 = Release|Any CPU
		{14ECD4EA-D2BE-4948-B8CC-92FF846B4C66}.Debug|Any CPU.ActiveCfg = Debug|Any CPU
		{14ECD4EA-D2BE-4948-B8CC-92FF846B4C66}.Debug|Any CPU.Build.0 = Debug|Any CPU
		{14ECD4EA-D2BE-4948-B8CC-92FF846B4C66}.Release|Any CPU.ActiveCfg = Release|Any CPU
		{14ECD4EA-D2BE-4948-B8CC-92FF846B4C66}.Release|Any CPU.Build.0 = Release|Any CPU
		{528E17ED-4DCC-40E2-8124-95CB36E2A81A}.Debug|Any CPU.ActiveCfg = Debug|Any CPU
		{528E17ED-4DCC-40E2-8124-95CB36E2A81A}.Debug|Any CPU.Build.0 = Debug|Any CPU
		{528E17ED-4DCC-40E2-8124-95CB36E2A81A}.Release|Any CPU.ActiveCfg = Release|Any CPU
		{528E17ED-4DCC-40E2-8124-95CB36E2A81A}.Release|Any CPU.Build.0 = Release|Any CPU
		{1789E32A-CD10-45B1-822C-757A0892D74E}.Debug|Any CPU.ActiveCfg = Debug|Any CPU
		{1789E32A-CD10-45B1-822C-757A0892D74E}.Debug|Any CPU.Build.0 = Debug|Any CPU
		{1789E32A-CD10-45B1-822C-757A0892D74E}.Release|Any CPU.ActiveCfg = Release|Any CPU
		{1789E32A-CD10-45B1-822C-757A0892D74E}.Release|Any CPU.Build.0 = Release|Any CPU
		{818868C6-750F-4EC8-B527-218E13F136B1}.Debug|Any CPU.ActiveCfg = Debug|Any CPU
		{818868C6-750F-4EC8-B527-218E13F136B1}.Debug|Any CPU.Build.0 = Debug|Any CPU
		{818868C6-750F-4EC8-B527-218E13F136B1}.Release|Any CPU.ActiveCfg = Release|Any CPU
		{818868C6-750F-4EC8-B527-218E13F136B1}.Release|Any CPU.Build.0 = Release|Any CPU
		{D9787CDA-50FF-4A55-BF61-A46EA55F1124}.Debug|Any CPU.ActiveCfg = Debug|Any CPU
		{D9787CDA-50FF-4A55-BF61-A46EA55F1124}.Debug|Any CPU.Build.0 = Debug|Any CPU
		{D9787CDA-50FF-4A55-BF61-A46EA55F1124}.Release|Any CPU.ActiveCfg = Release|Any CPU
		{D9787CDA-50FF-4A55-BF61-A46EA55F1124}.Release|Any CPU.Build.0 = Release|Any CPU
		{9463F485-D34D-43A5-8221-D05075BF754F}.Debug|Any CPU.ActiveCfg = Debug|Any CPU
		{9463F485-D34D-43A5-8221-D05075BF754F}.Debug|Any CPU.Build.0 = Debug|Any CPU
		{9463F485-D34D-43A5-8221-D05075BF754F}.Release|Any CPU.ActiveCfg = Release|Any CPU
		{9463F485-D34D-43A5-8221-D05075BF754F}.Release|Any CPU.Build.0 = Release|Any CPU
		{8A510097-D6AF-4098-B99A-C1C19C012754}.Debug|Any CPU.ActiveCfg = Debug|Any CPU
		{8A510097-D6AF-4098-B99A-C1C19C012754}.Debug|Any CPU.Build.0 = Debug|Any CPU
		{8A510097-D6AF-4098-B99A-C1C19C012754}.Release|Any CPU.ActiveCfg = Release|Any CPU
		{8A510097-D6AF-4098-B99A-C1C19C012754}.Release|Any CPU.Build.0 = Release|Any CPU
		{4090C382-FCA7-4417-B48F-9F768521BB45}.Debug|Any CPU.ActiveCfg = Debug|Any CPU
		{4090C382-FCA7-4417-B48F-9F768521BB45}.Debug|Any CPU.Build.0 = Debug|Any CPU
		{4090C382-FCA7-4417-B48F-9F768521BB45}.Release|Any CPU.ActiveCfg = Release|Any CPU
		{4090C382-FCA7-4417-B48F-9F768521BB45}.Release|Any CPU.Build.0 = Release|Any CPU
		{27C51EB6-FAEC-4F51-8D93-BE028ECDEB4C}.Debug|Any CPU.ActiveCfg = Debug|Any CPU
		{27C51EB6-FAEC-4F51-8D93-BE028ECDEB4C}.Debug|Any CPU.Build.0 = Debug|Any CPU
		{27C51EB6-FAEC-4F51-8D93-BE028ECDEB4C}.Release|Any CPU.ActiveCfg = Release|Any CPU
		{27C51EB6-FAEC-4F51-8D93-BE028ECDEB4C}.Release|Any CPU.Build.0 = Release|Any CPU
		{7D097AA5-52A7-4CFD-9CD7-A6F1C4B597B7}.Debug|Any CPU.ActiveCfg = Debug|Any CPU
		{7D097AA5-52A7-4CFD-9CD7-A6F1C4B597B7}.Debug|Any CPU.Build.0 = Debug|Any CPU
		{7D097AA5-52A7-4CFD-9CD7-A6F1C4B597B7}.Release|Any CPU.ActiveCfg = Release|Any CPU
		{7D097AA5-52A7-4CFD-9CD7-A6F1C4B597B7}.Release|Any CPU.Build.0 = Release|Any CPU
		{FC92E282-059D-4CB0-9A48-AFC5AB6C0F34}.Debug|Any CPU.ActiveCfg = Debug|Any CPU
		{FC92E282-059D-4CB0-9A48-AFC5AB6C0F34}.Debug|Any CPU.Build.0 = Debug|Any CPU
		{FC92E282-059D-4CB0-9A48-AFC5AB6C0F34}.Release|Any CPU.ActiveCfg = Release|Any CPU
		{FC92E282-059D-4CB0-9A48-AFC5AB6C0F34}.Release|Any CPU.Build.0 = Release|Any CPU
		{F47FB6D8-2339-4B31-984F-0D3FACDA46DC}.Debug|Any CPU.ActiveCfg = Debug|Any CPU
		{F47FB6D8-2339-4B31-984F-0D3FACDA46DC}.Debug|Any CPU.Build.0 = Debug|Any CPU
		{F47FB6D8-2339-4B31-984F-0D3FACDA46DC}.Release|Any CPU.ActiveCfg = Release|Any CPU
		{F47FB6D8-2339-4B31-984F-0D3FACDA46DC}.Release|Any CPU.Build.0 = Release|Any CPU
		{9F698831-D0D2-4595-A764-655DF9218AA3}.Debug|Any CPU.ActiveCfg = Debug|Any CPU
		{9F698831-D0D2-4595-A764-655DF9218AA3}.Debug|Any CPU.Build.0 = Debug|Any CPU
		{9F698831-D0D2-4595-A764-655DF9218AA3}.Release|Any CPU.ActiveCfg = Release|Any CPU
		{9F698831-D0D2-4595-A764-655DF9218AA3}.Release|Any CPU.Build.0 = Release|Any CPU
	EndGlobalSection
	GlobalSection(NestedProjects) = preSolution
		{C1BE7BAA-5250-4552-ACF1-A349BB962D8B} = {97F47C4B-D1DC-401D-B100-D797230CB9FC}
		{14ECD4EA-D2BE-4948-B8CC-92FF846B4C66} = {97F47C4B-D1DC-401D-B100-D797230CB9FC}
		{528E17ED-4DCC-40E2-8124-95CB36E2A81A} = {6969383A-BA1F-4791-8643-12D9840B3F50}
		{1789E32A-CD10-45B1-822C-757A0892D74E} = {6969383A-BA1F-4791-8643-12D9840B3F50}
		{818868C6-750F-4EC8-B527-218E13F136B1} = {EE28D496-8B18-4A13-BBEB-B52D872DA4E1}
		{D9787CDA-50FF-4A55-BF61-A46EA55F1124} = {EE28D496-8B18-4A13-BBEB-B52D872DA4E1}
		{9463F485-D34D-43A5-8221-D05075BF754F} = {2AB9992E-755B-41A5-8299-F336D97F4593}
		{8A510097-D6AF-4098-B99A-C1C19C012754} = {2AB9992E-755B-41A5-8299-F336D97F4593}
		{4090C382-FCA7-4417-B48F-9F768521BB45} = {810DFF10-851B-4EFF-8453-E041325BB1C1}
		{27C51EB6-FAEC-4F51-8D93-BE028ECDEB4C} = {810DFF10-851B-4EFF-8453-E041325BB1C1}
		{7D097AA5-52A7-4CFD-9CD7-A6F1C4B597B7} = {D9F2744A-8363-4996-820B-F97E945D2641}
		{FC92E282-059D-4CB0-9A48-AFC5AB6C0F34} = {D9F2744A-8363-4996-820B-F97E945D2641}
		{F47FB6D8-2339-4B31-984F-0D3FACDA46DC} = {D9599A49-D061-4015-82E9-1CA395F7A1AF}
		{9F698831-D0D2-4595-A764-655DF9218AA3} = {D9599A49-D061-4015-82E9-1CA395F7A1AF}
	EndGlobalSection
EndGlobal
